github.com/carlmjohnson/exitcode v0.20.1 h1:ocEdVMAj2t80KJdTvtwxCLBTQWbLQmUZ8IklGmFaLFw=
github.com/carlmjohnson/exitcode v0.20.1/go.mod h1:MZ6ThCDx517DQcrpYnnns1pLh8onjFl+B/AsrOrdmpc=
github.com/carlmjohnson/flagext v0.20.2 h1:qvpMM+TytSrlh3+EIVn/pzOwwq9y13hXZab6Y4Gvqpo=
github.com/carlmjohnson/flagext v0.20.2/go.mod h1:Eenv0epIUAr4NuedNmkzI8WmBmjIxZC239XcKxYS2ac=
